
Microsoft Visual Studio Solution File, Format Version 12.00
# Visual Studio Version 17
VisualStudioVersion = 17.3.32825.248
MinimumVisualStudioVersion = 10.0.40219.1
Project("{FAE04EC0-301F-11D3-BF4B-00C04F79EFBC}") = "ProjetoAPI", "ProjetoAPI\ProjetoAPI.csproj", "{B7CB9A20-3CC4-4AD5-8A32-2641F4071057}"
EndProject
Global
	GlobalSection(SolutionConfigurationPlatforms) = preSolution
		Debug|Any CPU = Debug|Any CPU
		Release|Any CPU = Release|Any CPU
	EndGlobalSection
	GlobalSection(ProjectConfigurationPlatforms) = postSolution
		{B7CB9A20-3CC4-4AD5-8A32-2641F4071057}.Debug|Any CPU.ActiveCfg = Debug|Any CPU
		{B7CB9A20-3CC4-4AD5-8A32-2641F4071057}.Debug|Any CPU.Build.0 = Debug|Any CPU
		{B7CB9A20-3CC4-4AD5-8A32-2641F4071057}.Release|Any CPU.ActiveCfg = Release|Any CPU
		{B7CB9A20-3CC4-4AD5-8A32-2641F4071057}.Release|Any CPU.Build.0 = Release|Any CPU
	EndGlobalSection
	GlobalSection(SolutionProperties) = preSolution
		HideSolutionNode = FALSE
	EndGlobalSection
	GlobalSection(ExtensibilityGlobals) = postSolution
		SolutionGuid = {D1245148-9A20-44C6-BF98-94664BED304F}
	EndGlobalSection
EndGlobal
